// !$*UTF8*$!
{
	archiveVersion = 1;
	classes = {
	};
	objectVersion = 46;
	objects = {

/* Begin PBXBuildFile section */
		160AA6ED1BF6A01C00ECCB95 /* AppDelegate.swift in Sources */ = {isa = PBXBuildFile; fileRef = 160AA6EC1BF6A01C00ECCB95 /* AppDelegate.swift */; };
		160AA6EF1BF6A01C00ECCB95 /* ViewController.swift in Sources */ = {isa = PBXBuildFile; fileRef = 160AA6EE1BF6A01C00ECCB95 /* ViewController.swift */; };
		160AA6F21BF6A01C00ECCB95 /* Main.storyboard in Resources */ = {isa = PBXBuildFile; fileRef = 160AA6F01BF6A01C00ECCB95 /* Main.storyboard */; };
		160AA6F41BF6A01C00ECCB95 /* Assets.xcassets in Resources */ = {isa = PBXBuildFile; fileRef = 160AA6F31BF6A01C00ECCB95 /* Assets.xcassets */; };
		160AA6F71BF6A01C00ECCB95 /* LaunchScreen.storyboard in Resources */ = {isa = PBXBuildFile; fileRef = 160AA6F51BF6A01C00ECCB95 /* LaunchScreen.storyboard */; };
		168AD7731BF6BC6100360DCC /* pokemon.csv in Resources */ = {isa = PBXBuildFile; fileRef = 168AD7721BF6BC6100360DCC /* pokemon.csv */; };
		168AD7761BF6BF7600360DCC /* Pokemon.swift in Sources */ = {isa = PBXBuildFile; fileRef = 168AD7751BF6BF7600360DCC /* Pokemon.swift */; };
		168AD7781BF6CC6000360DCC /* PokeCell.swift in Sources */ = {isa = PBXBuildFile; fileRef = 168AD7771BF6CC6000360DCC /* PokeCell.swift */; };
		168AD77B1BF6DF0E00360DCC /* csv.swift in Sources */ = {isa = PBXBuildFile; fileRef = 168AD77A1BF6DF0E00360DCC /* csv.swift */; };
		168AD7801BF6E55100360DCC /* Pokemon.ttf in Resources */ = {isa = PBXBuildFile; fileRef = 168AD77F1BF6E55100360DCC /* Pokemon.ttf */; };
		168AD7821BF6F66900360DCC /* music.mp3 in Resources */ = {isa = PBXBuildFile; fileRef = 168AD7811BF6F66900360DCC /* music.mp3 */; };
		168AD7841BF78B5500360DCC /* PokemonDetailVC.swift in Sources */ = {isa = PBXBuildFile; fileRef = 168AD7831BF78B5500360DCC /* PokemonDetailVC.swift */; };
/* End PBXBuildFile section */

/* Begin PBXFileReference section */
		160AA6E91BF6A01C00ECCB95 /* Pokedex.app */ = {isa = PBXFileReference; explicitFileType = wrapper.application; includeInIndex = 0; path = Pokedex.app; sourceTree = BUILT_PRODUCTS_DIR; };
		160AA6EC1BF6A01C00ECCB95 /* AppDelegate.swift */ = {isa = PBXFileReference; lastKnownFileType = sourcecode.swift; path = AppDelegate.swift; sourceTree = "<group>"; };
		160AA6EE1BF6A01C00ECCB95 /* ViewController.swift */ = {isa = PBXFileReference; lastKnownFileType = sourcecode.swift; path = ViewController.swift; sourceTree = "<group>"; };
		160AA6F11BF6A01C00ECCB95 /* Base */ = {isa = PBXFileReference; lastKnownFileType = file.storyboard; name = Base; path = Base.lproj/Main.storyboard; sourceTree = "<group>"; };
		160AA6F31BF6A01C00ECCB95 /* Assets.xcassets */ = {isa = PBXFileReference; lastKnownFileType = folder.assetcatalog; path = Assets.xcassets; sourceTree = "<group>"; };
		160AA6F61BF6A01C00ECCB95 /* Base */ = {isa = PBXFileReference; lastKnownFileType = file.storyboard; name = Base; path = Base.lproj/LaunchScreen.storyboard; sourceTree = "<group>"; };
		160AA6F81BF6A01C00ECCB95 /* Info.plist */ = {isa = PBXFileReference; lastKnownFileType = text.plist.xml; path = Info.plist; sourceTree = "<group>"; };
		168AD7721BF6BC6100360DCC /* pokemon.csv */ = {isa = PBXFileReference; fileEncoding = 4; lastKnownFileType = text; path = pokemon.csv; sourceTree = "<group>"; };
		168AD7751BF6BF7600360DCC /* Pokemon.swift */ = {isa = PBXFileReference; fileEncoding = 4; lastKnownFileType = sourcecode.swift; path = Pokemon.swift; sourceTree = "<group>"; };
		168AD7771BF6CC6000360DCC /* PokeCell.swift */ = {isa = PBXFileReference; fileEncoding = 4; lastKnownFileType = sourcecode.swift; path = PokeCell.swift; sourceTree = "<group>"; };
		168AD77A1BF6DF0E00360DCC /* csv.swift */ = {isa = PBXFileReference; fileEncoding = 4; lastKnownFileType = sourcecode.swift; path = csv.swift; sourceTree = "<group>"; };
		168AD77F1BF6E55100360DCC /* Pokemon.ttf */ = {isa = PBXFileReference; lastKnownFileType = file; path = Pokemon.ttf; sourceTree = "<group>"; };
		168AD7811BF6F66900360DCC /* music.mp3 */ = {isa = PBXFileReference; lastKnownFileType = audio.mp3; path = music.mp3; sourceTree = "<group>"; };
		168AD7831BF78B5500360DCC /* PokemonDetailVC.swift */ = {isa = PBXFileReference; fileEncoding = 4; lastKnownFileType = sourcecode.swift; path = PokemonDetailVC.swift; sourceTree = "<group>"; };
/* End PBXFileReference section */

/* Begin PBXFrameworksBuildPhase section */
		160AA6E61BF6A01C00ECCB95 /* Frameworks */ = {
			isa = PBXFrameworksBuildPhase;
			buildActionMask = 2147483647;
			files = (
			);
			runOnlyForDeploymentPostprocessing = 0;
		};
/* End PBXFrameworksBuildPhase section */

/* Begin PBXGroup section */
		160AA6E01BF6A01C00ECCB95 = {
			isa = PBXGroup;
			children = (
				168AD77E1BF6DFCF00360DCC /* Resources */,
				168AD77C1BF6DF3F00360DCC /* Utils */,
				168AD7741BF6BF5800360DCC /* Model */,
				168AD7791BF6CC6A00360DCC /* View */,
				168AD77D1BF6DF7200360DCC /* Controller */,
				160AA6EB1BF6A01C00ECCB95 /* Pokedex */,
				160AA6EA1BF6A01C00ECCB95 /* Products */,
			);
			sourceTree = "<group>";
		};
		160AA6EA1BF6A01C00ECCB95 /* Products */ = {
			isa = PBXGroup;
			children = (
				160AA6E91BF6A01C00ECCB95 /* Pokedex.app */,
			);
			name = Products;
			sourceTree = "<group>";
		};
		160AA6EB1BF6A01C00ECCB95 /* Pokedex */ = {
			isa = PBXGroup;
			children = (
				160AA6EC1BF6A01C00ECCB95 /* AppDelegate.swift */,
				160AA6F31BF6A01C00ECCB95 /* Assets.xcassets */,
				160AA6F51BF6A01C00ECCB95 /* LaunchScreen.storyboard */,
				160AA6F81BF6A01C00ECCB95 /* Info.plist */,
			);
			path = Pokedex;
			sourceTree = "<group>";
		};
		168AD7741BF6BF5800360DCC /* Model */ = {
			isa = PBXGroup;
			children = (
				168AD7751BF6BF7600360DCC /* Pokemon.swift */,
			);
			name = Model;
			path = Pokedex;
			sourceTree = "<group>";
		};
		168AD7791BF6CC6A00360DCC /* View */ = {
			isa = PBXGroup;
			children = (
				160AA6F01BF6A01C00ECCB95 /* Main.storyboard */,
				168AD7771BF6CC6000360DCC /* PokeCell.swift */,
			);
			name = View;
			sourceTree = "<group>";
		};
		168AD77C1BF6DF3F00360DCC /* Utils */ = {
			isa = PBXGroup;
			children = (
				168AD77A1BF6DF0E00360DCC /* csv.swift */,
			);
			name = Utils;
			path = Pokedex;
			sourceTree = "<group>";
		};
		168AD77D1BF6DF7200360DCC /* Controller */ = {
			isa = PBXGroup;
			children = (
				160AA6EE1BF6A01C00ECCB95 /* ViewController.swift */,
				168AD7831BF78B5500360DCC /* PokemonDetailVC.swift */,
			);
			name = Controller;
			path = Pokedex;
			sourceTree = "<group>";
		};
		168AD77E1BF6DFCF00360DCC /* Resources */ = {
			isa = PBXGroup;
			children = (
				168AD7811BF6F66900360DCC /* music.mp3 */,
				168AD77F1BF6E55100360DCC /* Pokemon.ttf */,
				168AD7721BF6BC6100360DCC /* pokemon.csv */,
			);
			name = Resources;
			path = Pokedex;
			sourceTree = "<group>";
		};
/* End PBXGroup section */

/* Begin PBXNativeTarget section */
		160AA6E81BF6A01C00ECCB95 /* Pokedex */ = {
			isa = PBXNativeTarget;
			buildConfigurationList = 160AA6FB1BF6A01C00ECCB95 /* Build configuration list for PBXNativeTarget "Pokedex" */;
			buildPhases = (
				160AA6E51BF6A01C00ECCB95 /* Sources */,
				160AA6E61BF6A01C00ECCB95 /* Frameworks */,
				160AA6E71BF6A01C00ECCB95 /* Resources */,
			);
			buildRules = (
			);
			dependencies = (
			);
			name = Pokedex;
			productName = Pokedex;
			productReference = 160AA6E91BF6A01C00ECCB95 /* Pokedex.app */;
			productType = "com.apple.product-type.application";
		};
/* End PBXNativeTarget section */

/* Begin PBXProject section */
		160AA6E11BF6A01C00ECCB95 /* Project object */ = {
			isa = PBXProject;
			attributes = {
				LastSwiftUpdateCheck = 0710;
				LastUpgradeCheck = 0710;
				ORGANIZATIONNAME = "Patrick Largen";
				TargetAttributes = {
					160AA6E81BF6A01C00ECCB95 = {
						CreatedOnToolsVersion = 7.1.1;
					};
				};
			};
			buildConfigurationList = 160AA6E41BF6A01C00ECCB95 /* Build configuration list for PBXProject "Pokedex" */;
			compatibilityVersion = "Xcode 3.2";
			developmentRegion = English;
			hasScannedForEncodings = 0;
			knownRegions = (
				en,
				Base,
			);
			mainGroup = 160AA6E01BF6A01C00ECCB95;
			productRefGroup = 160AA6EA1BF6A01C00ECCB95 /* Products */;
			projectDirPath = "";
			projectRoot = "";
			targets = (
				160AA6E81BF6A01C00ECCB95 /* Pokedex */,
			);
		};
/* End PBXProject section */

/* Begin PBXResourcesBuildPhase section */
		160AA6E71BF6A01C00ECCB95 /* Resources */ = {
			isa = PBXResourcesBuildPhase;
			buildActionMask = 2147483647;
			files = (
				160AA6F71BF6A01C00ECCB95 /* LaunchScreen.storyboard in Resources */,
				168AD7801BF6E55100360DCC /* Pokemon.ttf in Resources */,
				168AD7821BF6F66900360DCC /* music.mp3 in Resources */,
				160AA6F41BF6A01C00ECCB95 /* Assets.xcassets in Resources */,
				168AD7731BF6BC6100360DCC /* pokemon.csv in Resources */,
				160AA6F21BF6A01C00ECCB95 /* Main.storyboard in Resources */,
			);
			runOnlyForDeploymentPostprocessing = 0;
		};
/* End PBXResourcesBuildPhase section */

/* Begin PBXSourcesBuildPhase section */
		160AA6E51BF6A01C00ECCB95 /* Sources */ = {
			isa = PBXSourcesBuildPhase;
			buildActionMask = 2147483647;
			files = (
				168AD7781BF6CC6000360DCC /* PokeCell.swift in Sources */,
				160AA6EF1BF6A01C00ECCB95 /* ViewController.swift in Sources */,
				160AA6ED1BF6A01C00ECCB95 /* AppDelegate.swift in Sources */,
				168AD7841BF78B5500360DCC /* PokemonDetailVC.swift in Sources */,
				168AD7761BF6BF7600360DCC /* Pokemon.swift in Sources */,
				168AD77B1BF6DF0E00360DCC /* csv.swift in Sources */,
			);
			runOnlyForDeploymentPostprocessing = 0;
		};
/* End PBXSourcesBuildPhase section */

/* Begin PBXVariantGroup section */
		160AA6F01BF6A01C00ECCB95 /* Main.storyboard */ = {
			isa = PBXVariantGroup;
			children = (
				160AA6F11BF6A01C00ECCB95 /* Base */,
			);
			name = Main.storyboard;
			path = Pokedex;
			sourceTree = "<group>";
		};
		160AA6F51BF6A01C00ECCB95 /* LaunchScreen.storyboard */ = {
			isa = PBXVariantGroup;
			children = (
				160AA6F61BF6A01C00ECCB95 /* Base */,
			);
			name = LaunchScreen.storyboard;
			sourceTree = "<group>";
		};
/* End PBXVariantGroup section */

/* Begin XCBuildConfiguration section */
		160AA6F91BF6A01C00ECCB95 /* Debug */ = {
			isa = XCBuildConfiguration;
			buildSettings = {
				ALWAYS_SEARCH_USER_PATHS = NO;
				CLANG_CXX_LANGUAGE_STANDARD = "gnu++0x";
				CLANG_CXX_LIBRARY = "libc++";
				CLANG_ENABLE_MODULES = YES;
				CLANG_ENABLE_OBJC_ARC = YES;
				CLANG_WARN_BOOL_CONVERSION = YES;
				CLANG_WARN_CONSTANT_CONVERSION = YES;
				CLANG_WARN_DIRECT_OBJC_ISA_USAGE = YES_ERROR;
				CLANG_WARN_EMPTY_BODY = YES;
				CLANG_WARN_ENUM_CONVERSION = YES;
				CLANG_WARN_INT_CONVERSION = YES;
				CLANG_WARN_OBJC_ROOT_CLASS = YES_ERROR;
				CLANG_WARN_UNREACHABLE_CODE = YES;
				CLANG_WARN__DUPLICATE_METHOD_MATCH = YES;
				"CODE_SIGN_IDENTITY[sdk=iphoneos*]" = "iPhone Developer";
				COPY_PHASE_STRIP = NO;
				DEBUG_INFORMATION_FORMAT = dwarf;
				ENABLE_STRICT_OBJC_MSGSEND = YES;
				ENABLE_TESTABILITY = YES;
				GCC_C_LANGUAGE_STANDARD = gnu99;
				GCC_DYNAMIC_NO_PIC = NO;
				GCC_NO_COMMON_BLOCKS = YES;
				GCC_OPTIMIZATION_LEVEL = 0;
				GCC_PREPROCESSOR_DEFINITIONS = (
					"DEBUG=1",
					"$(inherited)",
				);
				GCC_WARN_64_TO_32_BIT_CONVERSION = YES;
				GCC_WARN_ABOUT_RETURN_TYPE = YES_ERROR;
				GCC_WARN_UNDECLARED_SELECTOR = YES;
				GCC_WARN_UNINITIALIZED_AUTOS = YES_AGGRESSIVE;
				GCC_WARN_UNUSED_FUNCTION = YES;
				GCC_WARN_UNUSED_VARIABLE = YES;
				IPHONEOS_DEPLOYMENT_TARGET = 9.1;
				MTL_ENABLE_DEBUG_INFO = YES;
				ONLY_ACTIVE_ARCH = YES;
				SDKROOT = iphoneos;
				SWIFT_OPTIMIZATION_LEVEL = "-Onone";
				TARGETED_DEVICE_FAMILY = "1,2";
			};
			name = Debug;
		};
		160AA6FA1BF6A01C00ECCB95 /* Release */ = {
			isa = XCBuildConfiguration;
			buildSettings = {
				ALWAYS_SEARCH_USER_PATHS = NO;
				CLANG_CXX_LANGUAGE_STANDARD = "gnu++0x";
				CLANG_CXX_LIBRARY = "libc++";
				CLANG_ENABLE_MODULES = YES;
				CLANG_ENABLE_OBJC_ARC = YES;
				CLANG_WARN_BOOL_CONVERSION = YES;
				CLANG_WARN_CONSTANT_CONVERSION = YES;
				CLANG_WARN_DIRECT_OBJC_ISA_USAGE = YES_ERROR;
				CLANG_WARN_EMPTY_BODY = YES;
				CLANG_WARN_ENUM_CONVERSION = YES;
				CLANG_WARN_INT_CONVERSION = YES;
				CLANG_WARN_OBJC_ROOT_CLASS = YES_ERROR;
				CLANG_WARN_UNREACHABLE_CODE = YES;
				CLANG_WARN__DUPLICATE_METHOD_MATCH = YES;
				"CODE_SIGN_IDENTITY[sdk=iphoneos*]" = "iPhone Developer";
				COPY_PHASE_STRIP = NO;
				DEBUG_INFORMATION_FORMAT = "dwarf-with-dsym";
				ENABLE_NS_ASSERTIONS = NO;
				ENABLE_STRICT_OBJC_MSGSEND = YES;
				GCC_C_LANGUAGE_STANDARD = gnu99;
				GCC_NO_COMMON_BLOCKS = YES;
				GCC_WARN_64_TO_32_BIT_CONVERSION = YES;
				GCC_WARN_ABOUT_RETURN_TYPE = YES_ERROR;
				GCC_WARN_UNDECLARED_SELECTOR = YES;
				GCC_WARN_UNINITIALIZED_AUTOS = YES_AGGRESSIVE;
				GCC_WARN_UNUSED_FUNCTION = YES;
				GCC_WARN_UNUSED_VARIABLE = YES;
				IPHONEOS_DEPLOYMENT_TARGET = 9.1;
				MTL_ENABLE_DEBUG_INFO = NO;
				SDKROOT = iphoneos;
				TARGETED_DEVICE_FAMILY = "1,2";
				VALIDATE_PRODUCT = YES;
			};
			name = Release;
		};
		160AA6FC1BF6A01C00ECCB95 /* Debug */ = {
			isa = XCBuildConfiguration;
			buildSettings = {
				ASSETCATALOG_COMPILER_APPICON_NAME = AppIcon;
				INFOPLIST_FILE = Pokedex/Info.plist;
				LD_RUNPATH_SEARCH_PATHS = "$(inherited) @executable_path/Frameworks";
				PRODUCT_BUNDLE_IDENTIFIER = com.largen.Pokedex;
				PRODUCT_NAME = "$(TARGET_NAME)";
			};
			name = Debug;
		};
		160AA6FD1BF6A01C00ECCB95 /* Release */ = {
			isa = XCBuildConfiguration;
			buildSettings = {
				ASSETCATALOG_COMPILER_APPICON_NAME = AppIcon;
				INFOPLIST_FILE = Pokedex/Info.plist;
				LD_RUNPATH_SEARCH_PATHS = "$(inherited) @executable_path/Frameworks";
				PRODUCT_BUNDLE_IDENTIFIER = com.largen.Pokedex;
				PRODUCT_NAME = "$(TARGET_NAME)";
			};
			name = Release;
		};
/* End XCBuildConfiguration section */

/* Begin XCConfigurationList section */
		160AA6E41BF6A01C00ECCB95 /* Build configuration list for PBXProject "Pokedex" */ = {
			isa = XCConfigurationList;
			buildConfigurations = (
				160AA6F91BF6A01C00ECCB95 /* Debug */,
				160AA6FA1BF6A01C00ECCB95 /* Release */,
			);
			defaultConfigurationIsVisible = 0;
			defaultConfigurationName = Release;
		};
		160AA6FB1BF6A01C00ECCB95 /* Build configuration list for PBXNativeTarget "Pokedex" */ = {
			isa = XCConfigurationList;
			buildConfigurations = (
				160AA6FC1BF6A01C00ECCB95 /* Debug */,
				160AA6FD1BF6A01C00ECCB95 /* Release */,
			);
			defaultConfigurationIsVisible = 0;
			defaultConfigurationName = Release;
		};
/* End XCConfigurationList section */
	};
	rootObject = 160AA6E11BF6A01C00ECCB95 /* Project object */;
}
